github.com/amanuel94/crowd-sort v0.0.0-20250109084426-654e8c499e07 h1:RU4LtL47AHte7n6UiqC9qyaCJL7/J9zol2pdYBTA4HU=
github.com/amanuel94/crowd-sort v0.0.0-20250109084426-654e8c499e07/go.mod h1:hWEgmUcuCNxMVPs7qs98zX9okIg9j7HhYKo3bW0RpQA=
github.com/amanuel94/crowdsort v0.0.0-20250113143418-4b63249b7d6d h1:al9cEDbnaKcBvNaUME16xgGABGM21b1riGzM5x7jJ1M=
github.com/amanuel94/crowdsort v0.0.0-20250113143418-4b63249b7d6d/go.mod h1://U/YZnPuwBE5fCTLf3w6yCQTBmf2MGDDXbVj27QuFU=
github.com/amanuel94/crowdsort v0.0.0-20250113143418-4b63249b7d6d h1:al9cEDbnaKcBvNaUME16xgGABGM21b1riGzM5x7jJ1M=
github.com/amanuel94/crowdsort v0.0.0-20250113143418-4b63249b7d6d/go.mod h1://U/YZnPuwBE5fCTLf3w6yCQTBmf2MGDDXbVj27QuFU=
