github.com/Amanuel94/crowdsort v0.0.0-20250123141851-a2e5da9f511f h1:/79TyEraENeZoUtg0l/y6J5XXlB190gzKs2OOuU3i8A=
github.com/Amanuel94/crowdsort v0.0.0-20250123141851-a2e5da9f511f/go.mod h1:eCOjf2I34BM4DZ6TdSg+LyHE8kHDZSaomWisV9atvv4=
github.com/TreyBastian/colourize v0.0.0-20220718091059-2c32423e75f7 h1:N319PyiAeatcNBruXex1wOW81W+86Ouz+6ZJqU5yMNM=
github.com/TreyBastian/colourize v0.0.0-20220718091059-2c32423e75f7/go.mod h1:qYZagpzkOxOtrbx2AfOO90niGMZ2RImNJ47J2942+No=
github.com/cenkalti/backoff/v5 v5.0.0 h1:4ziwFuaVJicDO1ah1Nz1aXXV1caM28PFgf1V5TTFXew=
github.com/cenkalti/backoff/v5 v5.0.0/go.mod h1:rkhZdG3JZukswDf7f0cwqPNk4K0sa+F97BxZthm/crw=
github.com/dustin/go-humanize v1.0.1 h1:GzkhY7T5VNhEkwH0PVJgjz+fX1rhBrR7pRT3mDkpeCY=
github.com/dustin/go-humanize v1.0.1/go.mod h1:Mu1zIs6XwVuF/gI1OepvI0qD18qycQx+mFykh5fBlto=
github.com/kataras/tablewriter v0.0.0-20180708051242-e063d29b7c23 h1:M8exrBzuhWcU6aoHJlHWPe4qFjVKzkMGRal78f5jRRU=
github.com/kataras/tablewriter v0.0.0-20180708051242-e063d29b7c23/go.mod h1:kBSna6b0/RzsOcOZf515vAXwSsXYusl2U7SA0XP09yI=
github.com/lensesio/tableprinter v0.0.0-20201125135848-89e81fc956e7 h1:k/1ku0yehLCPqERCHkIHMDqDg1R02AcCScRuHbamU3s=
github.com/lensesio/tableprinter v0.0.0-20201125135848-89e81fc956e7/go.mod h1:YR/zYthNdWfO8+0IOyHDcIDBBBS2JMnYUIwSsnwmRqU=
github.com/mattn/go-runewidth v0.0.16 h1:E5ScNMtiwvlvB5paMFdw9p4kSQzbXFikJ5SQO6TULQc=
github.com/mattn/go-runewidth v0.0.16/go.mod h1:Jdepj2loyihRzMpdS35Xk/zdY8IAYHsh153qUoGf23w=
github.com/rivo/uniseg v0.2.0/go.mod h1:J6wj4VEh+S6ZtnVlnTBMWIodfgj8LQOQFoIToxlJtxc=
github.com/rivo/uniseg v0.4.7 h1:WUdvkW8uEhrYfLC4ZzdpI2ztxP1I582+49Oc5Mq64VQ=
github.com/rivo/uniseg v0.4.7/go.mod h1:FN3SvrM+Zdj16jyLfmOkMNblXMcoc8DfTHruCPUcx88=
golang.org/x/exp v0.0.0-20250106191152-7588d65b2ba8 h1:yqrTHse8TCMW1M1ZCP+VAR/l0kKxwaAIqN/il7x4voA=
golang.org/x/exp v0.0.0-20250106191152-7588d65b2ba8/go.mod h1:tujkw807nyEEAamNbDrEGzRav+ilXA7PCRAd6xsmwiU=
