github.com/TreyBastian/colourize v0.0.0-20220718091059-2c32423e75f7 h1:N319PyiAeatcNBruXex1wOW81W+86Ouz+6ZJqU5yMNM=
github.com/TreyBastian/colourize v0.0.0-20220718091059-2c32423e75f7/go.mod h1:qYZagpzkOxOtrbx2AfOO90niGMZ2RImNJ47J2942+No=
github.com/cenkalti/backoff/v5 v5.0.0 h1:4ziwFuaVJicDO1ah1Nz1aXXV1caM28PFgf1V5TTFXew=
github.com/cenkalti/backoff/v5 v5.0.0/go.mod h1:rkhZdG3JZukswDf7f0cwqPNk4K0sa+F97BxZthm/crw=
github.com/google/uuid v1.2.0 h1:qJYtXnJRWmpe7m/3XlyhrsLrEURqHRM2kxzoxXqyUDs=
github.com/google/uuid v1.2.0/go.mod h1:TIyPZe4MgqvfeYDBFedMoGGpEw/LqOeaOT+nhxU+yHo=
github.com/lithammer/shortuuid v3.0.0+incompatible h1:NcD0xWW/MZYXEHa6ITy6kaXN5nwm/V115vj2YXfhS0w=
github.com/lithammer/shortuuid v3.0.0+incompatible/go.mod h1:FR74pbAuElzOUuenUHTK2Tciko1/vKuIKS9dSkDrA4w=
golang.org/x/exp v0.0.0-20250106191152-7588d65b2ba8 h1:yqrTHse8TCMW1M1ZCP+VAR/l0kKxwaAIqN/il7x4voA=
golang.org/x/exp v0.0.0-20250106191152-7588d65b2ba8/go.mod h1:tujkw807nyEEAamNbDrEGzRav+ilXA7PCRAd6xsmwiU=
